
Microsoft Visual Studio Solution File, Format Version 12.00
# Visual Studio Version 17
VisualStudioVersion = 17.2.32526.322
MinimumVisualStudioVersion = 10.0.40219.1
Project("{9A19103F-16F7-4668-BE54-9A1E7A4F7556}") = "NorthwindMVC.DBFirst", "NorthwindMVC.DBFirst\NorthwindMVC.DBFirst.csproj", "{FB44BAEA-2613-4FA4-8A52-CA16A1E8A158}"
EndProject
Project("{FAE04EC0-301F-11D3-BF4B-00C04F79EFBC}") = "NorthwindMVC.Identity", "NorthwindMVC.Identity\NorthwindMVC.Identity.csproj", "{F5143301-7363-484A-809C-245A4046F38D}"
EndProject
Global
	GlobalSection(SolutionConfigurationPlatforms) = preSolution
		Debug|Any CPU = Debug|Any CPU
		Release|Any CPU = Release|Any CPU
	EndGlobalSection
	GlobalSection(ProjectConfigurationPlatforms) = postSolution
		{FB44BAEA-2613-4FA4-8A52-CA16A1E8A158}.Debug|Any CPU.ActiveCfg = Debug|Any CPU
		{FB44BAEA-2613-4FA4-8A52-CA16A1E8A158}.Debug|Any CPU.Build.0 = Debug|Any CPU
		{FB44BAEA-2613-4FA4-8A52-CA16A1E8A158}.Release|Any CPU.ActiveCfg = Release|Any CPU
		{FB44BAEA-2613-4FA4-8A52-CA16A1E8A158}.Release|Any CPU.Build.0 = Release|Any CPU
		{F5143301-7363-484A-809C-245A4046F38D}.Debug|Any CPU.ActiveCfg = Debug|Any CPU
		{F5143301-7363-484A-809C-245A4046F38D}.Debug|Any CPU.Build.0 = Debug|Any CPU
		{F5143301-7363-484A-809C-245A4046F38D}.Release|Any CPU.ActiveCfg = Release|Any CPU
		{F5143301-7363-484A-809C-245A4046F38D}.Release|Any CPU.Build.0 = Release|Any CPU
	EndGlobalSection
	GlobalSection(SolutionProperties) = preSolution
		HideSolutionNode = FALSE
	EndGlobalSection
	GlobalSection(ExtensibilityGlobals) = postSolution
		SolutionGuid = {618B60ED-A0BF-4F3A-A965-15E8AE029011}
	EndGlobalSection
EndGlobal
